
Microsoft Visual Studio Solution File, Format Version 12.00
# Visual Studio Version 17
VisualStudioVersion = 17.8.34525.116
MinimumVisualStudioVersion = 10.0.40219.1
Project("{FAE04EC0-301F-11D3-BF4B-00C04F79EFBC}") = "Demo", "Demo\Demo.csproj", "{B4CFDE45-A5AC-4E59-84E2-9EB9A756F2F1}"
EndProject
Project("{E53339B2-1760-4266-BCC7-CA923CBCF16C}") = "docker-compose", "docker-compose.dcproj", "{80964E1C-02BB-4536-9C0E-DB1F88BE296D}"
EndProject
Global
	GlobalSection(SolutionConfigurationPlatforms) = preSolution
		Debug|Any CPU = Debug|Any CPU
		Release|Any CPU = Release|Any CPU
	EndGlobalSection
	GlobalSection(ProjectConfigurationPlatforms) = postSolution
		{B4CFDE45-A5AC-4E59-84E2-9EB9A756F2F1}.Debug|Any CPU.ActiveCfg = Debug|Any CPU
		{B4CFDE45-A5AC-4E59-84E2-9EB9A756F2F1}.Debug|Any CPU.Build.0 = Debug|Any CPU
		{B4CFDE45-A5AC-4E59-84E2-9EB9A756F2F1}.Release|Any CPU.ActiveCfg = Release|Any CPU
		{B4CFDE45-A5AC-4E59-84E2-9EB9A756F2F1}.Release|Any CPU.Build.0 = Release|Any CPU
		{80964E1C-02BB-4536-9C0E-DB1F88BE296D}.Debug|Any CPU.ActiveCfg = Debug|Any CPU
		{80964E1C-02BB-4536-9C0E-DB1F88BE296D}.Debug|Any CPU.Build.0 = Debug|Any CPU
		{80964E1C-02BB-4536-9C0E-DB1F88BE296D}.Release|Any CPU.ActiveCfg = Release|Any CPU
		{80964E1C-02BB-4536-9C0E-DB1F88BE296D}.Release|Any CPU.Build.0 = Release|Any CPU
	EndGlobalSection
	GlobalSection(SolutionProperties) = preSolution
		HideSolutionNode = FALSE
	EndGlobalSection
	GlobalSection(ExtensibilityGlobals) = postSolution
		SolutionGuid = {1F7C71FB-4575-429D-A240-B14C8962A640}
	EndGlobalSection
EndGlobal
